
Microsoft Visual Studio Solution File, Format Version 12.00
# Visual Studio Version 17
VisualStudioVersion = 17.14.36518.9
MinimumVisualStudioVersion = 10.0.40219.1
Project("{FAE04EC0-301F-11D3-BF4B-00C04F79EFBC}") = "ModeladoCliente1.Api", "ModeladoCliente1.Api\ModeladoCliente1.Api.csproj", "{0C954683-1037-4945-B8BA-8A8EBC724559}"
EndProject
Project("{FAE04EC0-301F-11D3-BF4B-00C04F79EFBC}") = "ModeladoCliente1.Client", "ModeladoCliente1.Client\ModeladoCliente1.Client.csproj", "{0CE8AD98-839E-485B-BAE8-96DC830AC6ED}"
EndProject
Project("{FAE04EC0-301F-11D3-BF4B-00C04F79EFBC}") = "ModeladoCliente1.Shared", "ModeladoCliente1.Shared\ModeladoCliente1.Shared.csproj", "{352D453C-BC43-44C3-B106-9C3456AD155C}"
EndProject
Global
	GlobalSection(SolutionConfigurationPlatforms) = preSolution
		Debug|Any CPU = Debug|Any CPU
		Release|Any CPU = Release|Any CPU
	EndGlobalSection
	GlobalSection(ProjectConfigurationPlatforms) = postSolution
		{0C954683-1037-4945-B8BA-8A8EBC724559}.Debug|Any CPU.ActiveCfg = Debug|Any CPU
		{0C954683-1037-4945-B8BA-8A8EBC724559}.Debug|Any CPU.Build.0 = Debug|Any CPU
		{0C954683-1037-4945-B8BA-8A8EBC724559}.Release|Any CPU.ActiveCfg = Release|Any CPU
		{0C954683-1037-4945-B8BA-8A8EBC724559}.Release|Any CPU.Build.0 = Release|Any CPU
		{0CE8AD98-839E-485B-BAE8-96DC830AC6ED}.Debug|Any CPU.ActiveCfg = Debug|Any CPU
		{0CE8AD98-839E-485B-BAE8-96DC830AC6ED}.Debug|Any CPU.Build.0 = Debug|Any CPU
		{0CE8AD98-839E-485B-BAE8-96DC830AC6ED}.Release|Any CPU.ActiveCfg = Release|Any CPU
		{0CE8AD98-839E-485B-BAE8-96DC830AC6ED}.Release|Any CPU.Build.0 = Release|Any CPU
		{352D453C-BC43-44C3-B106-9C3456AD155C}.Debug|Any CPU.ActiveCfg = Debug|Any CPU
		{352D453C-BC43-44C3-B106-9C3456AD155C}.Debug|Any CPU.Build.0 = Debug|Any CPU
		{352D453C-BC43-44C3-B106-9C3456AD155C}.Release|Any CPU.ActiveCfg = Release|Any CPU
		{352D453C-BC43-44C3-B106-9C3456AD155C}.Release|Any CPU.Build.0 = Release|Any CPU
	EndGlobalSection
	GlobalSection(SolutionProperties) = preSolution
		HideSolutionNode = FALSE
	EndGlobalSection
	GlobalSection(ExtensibilityGlobals) = postSolution
		SolutionGuid = {F2345AAF-F135-444C-A691-86A17469AA85}
	EndGlobalSection
EndGlobal
